
Microsoft Visual Studio Solution File, Format Version 12.00
# Visual Studio Version 16
VisualStudioVersion = 25.0.1703.0
MinimumVisualStudioVersion = 10.0.40219.1
Project("{FAE04EC0-301F-11D3-BF4B-00C04F79EFBC}") = "TicTacToe", "TicTacToe\TicTacToe.csproj", "{9D682994-E1B7-4606-BE5F-EDBF5C578907}"
EndProject
Global
	GlobalSection(SolutionConfigurationPlatforms) = preSolution
		Debug|Any CPU = Debug|Any CPU
		Release|Any CPU = Release|Any CPU
	EndGlobalSection
	GlobalSection(ProjectConfigurationPlatforms) = postSolution
		{9D682994-E1B7-4606-BE5F-EDBF5C578907}.Debug|Any CPU.ActiveCfg = Debug|Any CPU
		{9D682994-E1B7-4606-BE5F-EDBF5C578907}.Debug|Any CPU.Build.0 = Debug|Any CPU
		{9D682994-E1B7-4606-BE5F-EDBF5C578907}.Release|Any CPU.ActiveCfg = Release|Any CPU
		{9D682994-E1B7-4606-BE5F-EDBF5C578907}.Release|Any CPU.Build.0 = Release|Any CPU
	EndGlobalSection
	GlobalSection(SolutionProperties) = preSolution
		HideSolutionNode = FALSE
	EndGlobalSection
	GlobalSection(ExtensibilityGlobals) = postSolution
		SolutionGuid = {51EC00FB-B731-4E20-A78B-46D4F368AA5A}
	EndGlobalSection
EndGlobal
